
Microsoft Visual Studio Solution File, Format Version 12.00
# Visual Studio Version 17
VisualStudioVersion = 17.3.32708.82
MinimumVisualStudioVersion = 10.0.40219.1
Project("{FAE04EC0-301F-11D3-BF4B-00C04F79EFBC}") = "WebApplication4", "WebApplication4\WebApplication4.csproj", "{BEC5EF68-0276-4EB2-B63B-24619F08844B}"
EndProject
Global
	GlobalSection(SolutionConfigurationPlatforms) = preSolution
		Debug|Any CPU = Debug|Any CPU
		Release|Any CPU = Release|Any CPU
	EndGlobalSection
	GlobalSection(ProjectConfigurationPlatforms) = postSolution
		{BEC5EF68-0276-4EB2-B63B-24619F08844B}.Debug|Any CPU.ActiveCfg = Debug|Any CPU
		{BEC5EF68-0276-4EB2-B63B-24619F08844B}.Debug|Any CPU.Build.0 = Debug|Any CPU
		{BEC5EF68-0276-4EB2-B63B-24619F08844B}.Release|Any CPU.ActiveCfg = Release|Any CPU
		{BEC5EF68-0276-4EB2-B63B-24619F08844B}.Release|Any CPU.Build.0 = Release|Any CPU
	EndGlobalSection
	GlobalSection(SolutionProperties) = preSolution
		HideSolutionNode = FALSE
	EndGlobalSection
	GlobalSection(ExtensibilityGlobals) = postSolution
		SolutionGuid = {04B6AED2-2517-41FA-B351-79FA4499B329}
	EndGlobalSection
EndGlobal
